
Microsoft Visual Studio Solution File, Format Version 12.00
# Visual Studio 15
VisualStudioVersion = 15.0.27004.2009
MinimumVisualStudioVersion = 10.0.40219.1
Project("{FAE04EC0-301F-11D3-BF4B-00C04F79EFBC}") = "Liaison", "Liaison\Liaison.csproj", "{80AC337A-D51C-49DB-B536-FE136F559742}"
EndProject
Project("{FAE04EC0-301F-11D3-BF4B-00C04F79EFBC}") = "Liaison.Tests", "Liaison.Tests\Liaison.Tests.csproj", "{326A4155-4270-4590-B7C1-487BD80239FA}"
EndProject
Project("{FAE04EC0-301F-11D3-BF4B-00C04F79EFBC}") = "Liaison.Biz", "Liaison.Biz\Liaison.Biz.csproj", "{20FF0661-B374-4B41-A6B7-7D5402641ED4}"
EndProject
Project("{FAE04EC0-301F-11D3-BF4B-00C04F79EFBC}") = "Liaison.Data.Demo", "Liaison.Data.Demo\Liaison.Data.Demo.csproj", "{06496C16-5E2F-4B87-B5A4-BDB433A2A9F6}"
EndProject
Project("{FAE04EC0-301F-11D3-BF4B-00C04F79EFBC}") = "Liaison.Helper", "Liaison.Helper\Liaison.Helper.csproj", "{58AB7C46-66C9-4CBF-B83F-723F9ABDF7AA}"
EndProject
Project("{2150E333-8FDC-42A3-9474-1A3956D46DE8}") = "Liaison.Alpha", "Liaison.Alpha", "{A2937079-9579-4853-BEDC-3469DBA5BDF9}"
EndProject
Project("{2150E333-8FDC-42A3-9474-1A3956D46DE8}") = "Liaison.BLL", "Liaison.BLL", "{D42A8E57-4F95-4C3F-9380-D5AC37AC6F0E}"
EndProject
Project("{2150E333-8FDC-42A3-9474-1A3956D46DE8}") = "Liaison.Data", "Liaison.Data", "{881BF879-1909-4C62-BE0F-EF4A51D3665F}"
EndProject
Project("{2150E333-8FDC-42A3-9474-1A3956D46DE8}") = "Liaison.Misc", "Liaison.Misc", "{CC7DA25D-A3AE-4100-A9E0-7B08A2F72D48}"
EndProject
Global
	GlobalSection(SolutionConfigurationPlatforms) = preSolution
		Debug|Any CPU = Debug|Any CPU
		Release|Any CPU = Release|Any CPU
	EndGlobalSection
	GlobalSection(ProjectConfigurationPlatforms) = postSolution
		{80AC337A-D51C-49DB-B536-FE136F559742}.Debug|Any CPU.ActiveCfg = Debug|Any CPU
		{80AC337A-D51C-49DB-B536-FE136F559742}.Debug|Any CPU.Build.0 = Debug|Any CPU
		{80AC337A-D51C-49DB-B536-FE136F559742}.Release|Any CPU.ActiveCfg = Release|Any CPU
		{80AC337A-D51C-49DB-B536-FE136F559742}.Release|Any CPU.Build.0 = Release|Any CPU
		{326A4155-4270-4590-B7C1-487BD80239FA}.Debug|Any CPU.ActiveCfg = Debug|Any CPU
		{326A4155-4270-4590-B7C1-487BD80239FA}.Debug|Any CPU.Build.0 = Debug|Any CPU
		{326A4155-4270-4590-B7C1-487BD80239FA}.Release|Any CPU.ActiveCfg = Release|Any CPU
		{326A4155-4270-4590-B7C1-487BD80239FA}.Release|Any CPU.Build.0 = Release|Any CPU
		{20FF0661-B374-4B41-A6B7-7D5402641ED4}.Debug|Any CPU.ActiveCfg = Debug|Any CPU
		{20FF0661-B374-4B41-A6B7-7D5402641ED4}.Debug|Any CPU.Build.0 = Debug|Any CPU
		{20FF0661-B374-4B41-A6B7-7D5402641ED4}.Release|Any CPU.ActiveCfg = Release|Any CPU
		{20FF0661-B374-4B41-A6B7-7D5402641ED4}.Release|Any CPU.Build.0 = Release|Any CPU
		{06496C16-5E2F-4B87-B5A4-BDB433A2A9F6}.Debug|Any CPU.ActiveCfg = Debug|Any CPU
		{06496C16-5E2F-4B87-B5A4-BDB433A2A9F6}.Debug|Any CPU.Build.0 = Debug|Any CPU
		{06496C16-5E2F-4B87-B5A4-BDB433A2A9F6}.Release|Any CPU.ActiveCfg = Release|Any CPU
		{06496C16-5E2F-4B87-B5A4-BDB433A2A9F6}.Release|Any CPU.Build.0 = Release|Any CPU
		{58AB7C46-66C9-4CBF-B83F-723F9ABDF7AA}.Debug|Any CPU.ActiveCfg = Debug|Any CPU
		{58AB7C46-66C9-4CBF-B83F-723F9ABDF7AA}.Debug|Any CPU.Build.0 = Debug|Any CPU
		{58AB7C46-66C9-4CBF-B83F-723F9ABDF7AA}.Release|Any CPU.ActiveCfg = Release|Any CPU
		{58AB7C46-66C9-4CBF-B83F-723F9ABDF7AA}.Release|Any CPU.Build.0 = Release|Any CPU
	EndGlobalSection
	GlobalSection(SolutionProperties) = preSolution
		HideSolutionNode = FALSE
	EndGlobalSection
	GlobalSection(NestedProjects) = preSolution
		{80AC337A-D51C-49DB-B536-FE136F559742} = {A2937079-9579-4853-BEDC-3469DBA5BDF9}
		{326A4155-4270-4590-B7C1-487BD80239FA} = {CC7DA25D-A3AE-4100-A9E0-7B08A2F72D48}
		{20FF0661-B374-4B41-A6B7-7D5402641ED4} = {D42A8E57-4F95-4C3F-9380-D5AC37AC6F0E}
		{06496C16-5E2F-4B87-B5A4-BDB433A2A9F6} = {881BF879-1909-4C62-BE0F-EF4A51D3665F}
		{58AB7C46-66C9-4CBF-B83F-723F9ABDF7AA} = {CC7DA25D-A3AE-4100-A9E0-7B08A2F72D48}
	EndGlobalSection
	GlobalSection(ExtensibilityGlobals) = postSolution
		SolutionGuid = {4066C976-993D-4F44-90C6-36C10CCD72B3}
	EndGlobalSection
EndGlobal
